{"claudifyVersion":"1.0.2","generatedAt":"2026-03-18T20:00:00.000Z","projectName":"pp-php-sdk","detection":{"languages":["php"],"frameworks":["phpunit"],"runtime":null,"packageManager":"composer","buildCommand":"","testCommand":"./vendor/bin/phpunit","lintCommand":"","hasFuryFile":true,"hasPreCommitConfig":false},"designSystem":{"uiLibraries":[],"styling":{},"componentPatterns":{},"stateManagement":{},"detected":false},"layers":{"entity":{"paths":["src/Entity/**/*.php"],"technologies":["php"],"ruleFile":".claude/rules/entity.md"},"httpclient":{"paths":["src/HttpClient/**/*.php"],"technologies":["php"],"ruleFile":".claude/rules/httpclient.md"}},"generatedFiles":{"CLAUDE.md":{"hash":"sha256:99bb22b4d8bac853441f6ab66f6f9777d91d3769bfb6acd9893476754545773f","managed":true},".claude/rules/entity.md":{"hash":"sha256:b31ec24698df6f36c623fe04f7f27a07b2df7bc0399169911c4b0b28895be5d2","managed":true},".claude/rules/httpclient.md":{"hash":"sha256:55d6468d3e49045ec1170509edbcbdc86dd69c9a37c4056d5c6f71e3aee87774","managed":true},".claude/settings.json":{"hash":"sha256:e121f0fdef15a7377650f508421abc8c7fc1984704a4a81356bd76abf3f4e002","managed":"partial"},".claude/USAGE.md":{"hash":"sha256:535db0643acf884a3ef1808744027124366504f5b39ac96fa2b24f02eb507f40","managed":true},".claude/agents/researcher.md":{"hash":"sha256:8a95de11e1bdb6e5c34232c6b5634c273747145c374488a53fad421239eb8b7e","managed":true},".claude/agents/spec-writer.md":{"hash":"sha256:c5cde788faf68312336e1ea400e2c0b7ec8f0f6419622bd420ebcba6ef6c443a","managed":true},".claude/skills/run-tests/SKILL.md":{"hash":"sha256:68068df72597780bcbc237ebc916733a13853eaf1717a45685ad3828eaa3cd16","managed":true},".claude/skills/fix-lint/SKILL.md":{"hash":"sha256:9ce7c5a6d708fd03ac63f0ebb41341204cab95a2828526542caba5af58139bbc","managed":true},".claude/skills/create-spec/SKILL.md":{"hash":"sha256:2f361c135712a3cfebceae97a3f4d523a25e611b042a00aee134f65f89cbb2bd","managed":true},".claude/skills/review-changes/SKILL.md":{"hash":"sha256:226c98c812d6c9d2c22446ee796efcb270023dcca30c297aac89629682c2b7bb","managed":true},".claude/skills/commit/SKILL.md":{"hash":"sha256:f963f7bad8a6b5ba122dc39602bd7b32afad29eeac4ca05cf593668cd98e40bf","managed":true}},"securityRules":{"technology":"php","agentsMdPath":"AGENTS.md","rulePath":".agentic-rules/php/php-security-patterns-rules_v1.md","generated":false},"coverageConfig":{"generated":false},"installedPlugins":{"official":[],"marketplace":[]}}
